PODS:
  - MapboxCommon (24.4.0)
  - MapboxCoreMaps (11.4.0):
    - MapboxCommon (~> 24.4)
  - MapboxMaps (11.4.0):
    - MapboxCommon (= 24.4.0)
    - MapboxCoreMaps (= 11.4.0)
    - Turf (= 2.8.0)
  - MapsIndoors (4.5.7)
  - MapsIndoorsCore (4.5.7):
    - MapsIndoors (= 4.5.7)
  - MapsIndoorsMapbox11 (4.5.7):
    - MapboxMaps (= 11.4.0)
    - MapsIndoorsCore (= 4.5.7)
  - Turf (2.8.0)

DEPENDENCIES:
  - MapsIndoorsMapbox11 (~> 4.5.7)

SPEC REPOS:
  trunk:
    - MapboxCommon
    - MapboxCoreMaps
    - MapboxMaps
    - MapsIndoors
    - MapsIndoorsCore
    - MapsIndoorsMapbox11
    - Turf

SPEC CHECKSUMS:
  MapboxCommon: 6acbd8ff41d66abf498e1558b0739f25c562945a
  MapboxCoreMaps: f306bb1b10ebe995a2247b40e99322ab7f9b8071
  MapboxMaps: 82044383ae19ec124ff444ec4b5d3ce82cb36ba5
  MapsIndoors: 4d55a2cad9c50a6f5422c669227db1224f68676b
  MapsIndoorsCore: b19c12854c09a444b3dbeaf8178a84cf498e9d8f
  MapsIndoorsMapbox11: 6f7e1fa0afba22bb48924c53fbc0491ba0084dad
  Turf: aa2ede4298009639d10db36aba1a7ebaad072a5e

PODFILE CHECKSUM: 1221e4a67ed8d2b193e90289edf122d99416a557

COCOAPODS: 1.15.2
