PODS:
  - MapboxCommon (23.4.0)
  - MapboxCoreMaps (10.12.1):
    - MapboxCommon (~> 23.4)
  - MapboxMaps (10.12.1):
    - MapboxCommon (= 23.4.0)
    - MapboxCoreMaps (= 10.12.1)
    - MapboxMobileEvents (= 1.0.10)
    - Turf (~> 2.0)
  - MapboxMobileEvents (1.0.10)
  - MapsIndoors (4.0.0-beta7)
  - MapsIndoorsCore (4.0.0-beta7):
    - MapsIndoors (= 4.0.0-beta7)
  - MapsIndoorsMapbox (4.0.0-beta7):
    - MapboxMaps (~> 10.11)
    - MapsIndoorsCore (= 4.0.0-beta7)
    - ValueAnimator (= 0.6.8)
  - Turf (2.6.1)
  - ValueAnimator (0.6.8)

DEPENDENCIES:
  - MapsIndoors (from `/Users/fasa/MISDKIOS/`)
  - MapsIndoorsCore (from `/Users/fasa/MISDKIOS/`)
  - MapsIndoorsMapbox (from `/Users/fasa/MISDKIOS/`)

SPEC REPOS:
  trunk:
    - MapboxCommon
    - MapboxCoreMaps
    - MapboxMaps
    - MapboxMobileEvents
    - Turf
    - ValueAnimator

EXTERNAL SOURCES:
  MapsIndoors:
    :path: "/Users/fasa/MISDKIOS/"
  MapsIndoorsCore:
    :path: "/Users/fasa/MISDKIOS/"
  MapsIndoorsMapbox:
    :path: "/Users/fasa/MISDKIOS/"

SPEC CHECKSUMS:
  MapboxCommon: 2945d39158111455f353524f3c2ad356bd8d546a
  MapboxCoreMaps: c20f2bb1eb57b328982b1dead1258a5dd3bf09fe
  MapboxMaps: a673c0923f645dc6f90e40bdc034b8567d8dead4
  MapboxMobileEvents: de50b3a4de180dd129c326e09cd12c8adaaa46d6
  MapsIndoors: d6c55b2c9c53df6696f53f4b941d05b87f128396
  MapsIndoorsCore: f4a36b6cb59eeff8fff95c41dff652e4b3846a49
  MapsIndoorsMapbox: 8a91a31165edca1d057006c18fe720ac3965fc5d
  Turf: 469ce2c3d22e5e8e4818d5a3b254699a5c89efa4
  ValueAnimator: b9ed721f3a0fc682ec857fd70dc933b28adb7522

PODFILE CHECKSUM: 56774912940bf79d27e470f93a3b21720cf51e62

COCOAPODS: 1.12.0
