PODS:
  - MapboxCommon (24.9.0):
    - Turf (= 4.0.0)
  - MapboxCoreMaps (11.9.2):
    - MapboxCommon (~> 24.9)
  - MapboxMaps (11.9.1):
    - MapboxCommon (= 24.9.0)
    - MapboxCoreMaps (= 11.9.2)
    - Turf (= 4.0.0)
  - MapsIndoors (4.9.4)
  - MapsIndoorsCore (4.9.4):
    - MapsIndoors (= 4.9.4)
  - MapsIndoorsMapbox11 (4.9.4):
    - MapboxMaps (= 11.9.1)
    - MapsIndoorsCore (= 4.9.4)
  - Turf (4.0.0)

DEPENDENCIES:
  - MapsIndoorsMapbox11 (~> 4.9.4)

SPEC REPOS:
  trunk:
    - MapboxCommon
    - MapboxCoreMaps
    - MapboxMaps
    - MapsIndoors
    - MapsIndoorsCore
    - MapsIndoorsMapbox11
    - Turf

SPEC CHECKSUMS:
  MapboxCommon: 678bfc4b477a804244fd7323c79cc7f2402f844e
  MapboxCoreMaps: c22e65380c0e11551081196f083b20cab662a5fe
  MapboxMaps: dbe3b02f9adcee903d5217c9b251536828bc6304
  MapsIndoors: 71f610057764e151e635182e719e22f356ecaca8
  MapsIndoorsCore: 70d4689cfd353edeaca4831ea9c0739ac51b6904
  MapsIndoorsMapbox11: bdf2ce6b7baf39e9a7a38aacff6c719644101cf2
  Turf: c9eb11a65d96af58cac523460fd40fec5061b081

PODFILE CHECKSUM: de5ba42f6fb0cda7e123c2cb8e57dfb522c6628a

COCOAPODS: 1.16.2
