{
  "originHash" : "34bfc516795b828c0702a2927dcb2ba19789033a5325da70193f970f506100f5",
  "pins" : [
    {
      "identity" : "mapbox-common-ios",
      "kind" : "remoteSourceControl",
      "location" : "https://github.com/mapbox/mapbox-common-ios.git",
      "state" : {
        "revision" : "480f648b20b87a3a55f30bb6d76d6dc7d8412ec4",
        "version" : "24.9.0"
      }
    },
    {
      "identity" : "mapbox-core-maps-ios",
      "kind" : "remoteSourceControl",
      "location" : "https://github.com/mapbox/mapbox-core-maps-ios.git",
      "state" : {
        "revision" : "af17fef6d11338c64b296d9374ce0c3479695532",
        "version" : "11.9.2"
      }
    },
    {
      "identity" : "mapbox-maps-ios",
      "kind" : "remoteSourceControl",
      "location" : "https://github.com/mapbox/mapbox-maps-ios.git",
      "state" : {
        "revision" : "4793b133def738fef8d2ed0bd7c0b240640a8f40",
        "version" : "11.9.1"
      }
    },
    {
      "identity" : "mapsindoors-core-ios",
      "kind" : "remoteSourceControl",
      "location" : "https://github.com/MapsPeople/mapsindoors-core-ios.git",
      "state" : {
        "revision" : "cc30a1a84e57e95b5c56bc8ca6db8475f8f851c8",
        "version" : "4.9.4"
      }
    },
    {
      "identity" : "mapsindoors-ios",
      "kind" : "remoteSourceControl",
      "location" : "https://github.com/MapsPeople/mapsindoors-ios.git",
      "state" : {
        "revision" : "a0b222ef7cc989b38b41ddb11f7a0b948d7aac0c",
        "version" : "4.9.4"
      }
    },
    {
      "identity" : "mapsindoors-mapbox-ios",
      "kind" : "remoteSourceControl",
      "location" : "https://github.com/MapsPeople/mapsindoors-mapbox-ios.git",
      "state" : {
        "revision" : "d7f726b5397596931c3bb8e0b4fdadaeef51dfd4",
        "version" : "4.9.4"
      }
    },
    {
      "identity" : "turf-swift",
      "kind" : "remoteSourceControl",
      "location" : "https://github.com/mapbox/turf-swift.git",
      "state" : {
        "revision" : "bf840e6b9529d105687840fe2c9dcd74197d46d1",
        "version" : "4.0.0"
      }
    }
  ],
  "version" : 3
}
